
Microsoft Visual Studio Solution File, Format Version 12.00
# Visual Studio 14
VisualStudioVersion = 14.0.25420.1
MinimumVisualStudioVersion = 10.0.40219.1
Project("{2150E333-8FDC-42A3-9474-1A3956D46DE8}") = "Tests", "Tests", "{B14BF1B3-CEC2-4B53-9D50-42B78FDDC9F6}"
EndProject
Project("{2150E333-8FDC-42A3-9474-1A3956D46DE8}") = "External", "External", "{C61B7D27-4367-4CAF-A7E2-574C7D111881}"
EndProject
Project("{2150E333-8FDC-42A3-9474-1A3956D46DE8}") = "BusinessRules", "BusinessRules", "{D5B525A3-8C53-4F4E-BAC5-C4BC63F98EE7}"
EndProject
Project("{2150E333-8FDC-42A3-9474-1A3956D46DE8}") = ".nuget", ".nuget", "{F98F9AA0-97F3-482A-A51C-D01856D081C6}"
	ProjectSection(SolutionItems) = preProject
		.nuget\NuGet.Config = .nuget\NuGet.Config
		.nuget\NuGet.exe = .nuget\NuGet.exe
		.nuget\NuGet.targets = .nuget\NuGet.targets
	EndProjectSection
EndProject
Project("{FAE04EC0-301F-11D3-BF4B-00C04F79EFBC}") = "Core", "Core\Core.csproj", "{2ADCFC94-E855-4AD1-A873-C125B8DA96E7}"
EndProject
Project("{FAE04EC0-301F-11D3-BF4B-00C04F79EFBC}") = "FileIo", "FileIo\FileIo.csproj", "{BDED245A-AC49-4207-BFCE-EA60D00FAC7A}"
EndProject
Project("{FAE04EC0-301F-11D3-BF4B-00C04F79EFBC}") = "Database", "Database\Database.csproj", "{1C8320F8-DD40-4716-9128-B139EDFFCE5F}"
EndProject
Project("{FAE04EC0-301F-11D3-BF4B-00C04F79EFBC}") = "IntegrationTests", "IntegrationTests\IntegrationTests.csproj", "{94AC68FC-134F-4B60-B41C-1443C7E9BB1E}"
EndProject
Project("{FAE04EC0-301F-11D3-BF4B-00C04F79EFBC}") = "UnitTests", "UnitTests\UnitTests.csproj", "{45A46BF9-F91E-46FC-ACFE-65FACDC60E59}"
EndProject
Project("{FAE04EC0-301F-11D3-BF4B-00C04F79EFBC}") = "DependencyManagement", "DependencyManagement\DependencyManagement.csproj", "{36DE3A59-1A39-4680-B5A5-83E1F933D0A6}"
EndProject
Project("{FAE04EC0-301F-11D3-BF4B-00C04F79EFBC}") = "CitiFileImporterConsole", "CitiFileImporterConsole\CitiFileImporterConsole.csproj", "{DEAF3CCE-3333-4A2E-B735-098184FAE15F}"
EndProject
Project("{FAE04EC0-301F-11D3-BF4B-00C04F79EFBC}") = "Logging", "Logging\Logging.csproj", "{E9CC8D2A-EA18-4BCB-A572-334DF1B68B7E}"
EndProject
Project("{FAE04EC0-301F-11D3-BF4B-00C04F79EFBC}") = "OmniFileExporterConsole", "OmniFileExporterConsole\OmniFileExporterConsole.csproj", "{2A9DA93C-D0E9-471F-844B-6E1F2982CE7D}"
EndProject
Project("{FAE04EC0-301F-11D3-BF4B-00C04F79EFBC}") = "ExcelRendering", "ExcelRendering\ExcelRendering.csproj", "{9F87153E-C99D-4234-BDA9-F0754646B0FB}"
EndProject
Project("{FAE04EC0-301F-11D3-BF4B-00C04F79EFBC}") = "ReportGeneratorConsole", "ReportGenerator\ReportGeneratorConsole.csproj", "{8B9C5B3F-FCE5-4306-97EA-4F64600BABCF}"
EndProject
Project("{FAE04EC0-301F-11D3-BF4B-00C04F79EFBC}") = "TestDataPopulatorConsole", "TestDataPopulatorConsole\TestDataPopulatorConsole.csproj", "{D7D3D152-05B9-4B84-862E-158E175B811D}"
EndProject
Project("{FAE04EC0-301F-11D3-BF4B-00C04F79EFBC}") = "Build", "Build\Build.csproj", "{98DE3E15-E110-4C56-8AF6-BD6D389EFE19}"
EndProject
Project("{FAE04EC0-301F-11D3-BF4B-00C04F79EFBC}") = "Web", "Web\Web.csproj", "{CD051A42-AE08-40DA-938C-71A43DC5E766}"
EndProject
Global
	GlobalSection(SolutionConfigurationPlatforms) = preSolution
		Debug|Any CPU = Debug|Any CPU
		Release|Any CPU = Release|Any CPU
	EndGlobalSection
	GlobalSection(ProjectConfigurationPlatforms) = postSolution
		{2ADCFC94-E855-4AD1-A873-C125B8DA96E7}.Debug|Any CPU.ActiveCfg = Debug|Any CPU
		{2ADCFC94-E855-4AD1-A873-C125B8DA96E7}.Debug|Any CPU.Build.0 = Debug|Any CPU
		{2ADCFC94-E855-4AD1-A873-C125B8DA96E7}.Release|Any CPU.ActiveCfg = Release|Any CPU
		{2ADCFC94-E855-4AD1-A873-C125B8DA96E7}.Release|Any CPU.Build.0 = Release|Any CPU
		{BDED245A-AC49-4207-BFCE-EA60D00FAC7A}.Debug|Any CPU.ActiveCfg = Debug|Any CPU
		{BDED245A-AC49-4207-BFCE-EA60D00FAC7A}.Debug|Any CPU.Build.0 = Debug|Any CPU
		{BDED245A-AC49-4207-BFCE-EA60D00FAC7A}.Release|Any CPU.ActiveCfg = Release|Any CPU
		{BDED245A-AC49-4207-BFCE-EA60D00FAC7A}.Release|Any CPU.Build.0 = Release|Any CPU
		{1C8320F8-DD40-4716-9128-B139EDFFCE5F}.Debug|Any CPU.ActiveCfg = Debug|Any CPU
		{1C8320F8-DD40-4716-9128-B139EDFFCE5F}.Debug|Any CPU.Build.0 = Debug|Any CPU
		{1C8320F8-DD40-4716-9128-B139EDFFCE5F}.Release|Any CPU.ActiveCfg = Release|Any CPU
		{1C8320F8-DD40-4716-9128-B139EDFFCE5F}.Release|Any CPU.Build.0 = Release|Any CPU
		{94AC68FC-134F-4B60-B41C-1443C7E9BB1E}.Debug|Any CPU.ActiveCfg = Debug|Any CPU
		{94AC68FC-134F-4B60-B41C-1443C7E9BB1E}.Debug|Any CPU.Build.0 = Debug|Any CPU
		{94AC68FC-134F-4B60-B41C-1443C7E9BB1E}.Release|Any CPU.ActiveCfg = Release|Any CPU
		{94AC68FC-134F-4B60-B41C-1443C7E9BB1E}.Release|Any CPU.Build.0 = Release|Any CPU
		{45A46BF9-F91E-46FC-ACFE-65FACDC60E59}.Debug|Any CPU.ActiveCfg = Debug|Any CPU
		{45A46BF9-F91E-46FC-ACFE-65FACDC60E59}.Debug|Any CPU.Build.0 = Debug|Any CPU
		{45A46BF9-F91E-46FC-ACFE-65FACDC60E59}.Release|Any CPU.ActiveCfg = Release|Any CPU
		{45A46BF9-F91E-46FC-ACFE-65FACDC60E59}.Release|Any CPU.Build.0 = Release|Any CPU
		{36DE3A59-1A39-4680-B5A5-83E1F933D0A6}.Debug|Any CPU.ActiveCfg = Debug|Any CPU
		{36DE3A59-1A39-4680-B5A5-83E1F933D0A6}.Debug|Any CPU.Build.0 = Debug|Any CPU
		{36DE3A59-1A39-4680-B5A5-83E1F933D0A6}.Release|Any CPU.ActiveCfg = Release|Any CPU
		{36DE3A59-1A39-4680-B5A5-83E1F933D0A6}.Release|Any CPU.Build.0 = Release|Any CPU
		{DEAF3CCE-3333-4A2E-B735-098184FAE15F}.Debug|Any CPU.ActiveCfg = Debug|Any CPU
		{DEAF3CCE-3333-4A2E-B735-098184FAE15F}.Debug|Any CPU.Build.0 = Debug|Any CPU
		{DEAF3CCE-3333-4A2E-B735-098184FAE15F}.Release|Any CPU.ActiveCfg = Release|Any CPU
		{DEAF3CCE-3333-4A2E-B735-098184FAE15F}.Release|Any CPU.Build.0 = Release|Any CPU
		{E9CC8D2A-EA18-4BCB-A572-334DF1B68B7E}.Debug|Any CPU.ActiveCfg = Debug|Any CPU
		{E9CC8D2A-EA18-4BCB-A572-334DF1B68B7E}.Debug|Any CPU.Build.0 = Debug|Any CPU
		{E9CC8D2A-EA18-4BCB-A572-334DF1B68B7E}.Release|Any CPU.ActiveCfg = Release|Any CPU
		{E9CC8D2A-EA18-4BCB-A572-334DF1B68B7E}.Release|Any CPU.Build.0 = Release|Any CPU
		{2A9DA93C-D0E9-471F-844B-6E1F2982CE7D}.Debug|Any CPU.ActiveCfg = Debug|Any CPU
		{2A9DA93C-D0E9-471F-844B-6E1F2982CE7D}.Debug|Any CPU.Build.0 = Debug|Any CPU
		{2A9DA93C-D0E9-471F-844B-6E1F2982CE7D}.Release|Any CPU.ActiveCfg = Release|Any CPU
		{2A9DA93C-D0E9-471F-844B-6E1F2982CE7D}.Release|Any CPU.Build.0 = Release|Any CPU
		{9F87153E-C99D-4234-BDA9-F0754646B0FB}.Debug|Any CPU.ActiveCfg = Debug|Any CPU
		{9F87153E-C99D-4234-BDA9-F0754646B0FB}.Debug|Any CPU.Build.0 = Debug|Any CPU
		{9F87153E-C99D-4234-BDA9-F0754646B0FB}.Release|Any CPU.ActiveCfg = Release|Any CPU
		{9F87153E-C99D-4234-BDA9-F0754646B0FB}.Release|Any CPU.Build.0 = Release|Any CPU
		{8B9C5B3F-FCE5-4306-97EA-4F64600BABCF}.Debug|Any CPU.ActiveCfg = Debug|Any CPU
		{8B9C5B3F-FCE5-4306-97EA-4F64600BABCF}.Debug|Any CPU.Build.0 = Debug|Any CPU
		{8B9C5B3F-FCE5-4306-97EA-4F64600BABCF}.Release|Any CPU.ActiveCfg = Release|Any CPU
		{8B9C5B3F-FCE5-4306-97EA-4F64600BABCF}.Release|Any CPU.Build.0 = Release|Any CPU
		{D7D3D152-05B9-4B84-862E-158E175B811D}.Debug|Any CPU.ActiveCfg = Debug|Any CPU
		{D7D3D152-05B9-4B84-862E-158E175B811D}.Debug|Any CPU.Build.0 = Debug|Any CPU
		{D7D3D152-05B9-4B84-862E-158E175B811D}.Release|Any CPU.ActiveCfg = Release|Any CPU
		{D7D3D152-05B9-4B84-862E-158E175B811D}.Release|Any CPU.Build.0 = Release|Any CPU
		{98DE3E15-E110-4C56-8AF6-BD6D389EFE19}.Debug|Any CPU.ActiveCfg = Debug|Any CPU
		{98DE3E15-E110-4C56-8AF6-BD6D389EFE19}.Debug|Any CPU.Build.0 = Debug|Any CPU
		{98DE3E15-E110-4C56-8AF6-BD6D389EFE19}.Release|Any CPU.ActiveCfg = Release|Any CPU
		{98DE3E15-E110-4C56-8AF6-BD6D389EFE19}.Release|Any CPU.Build.0 = Release|Any CPU
		{CD051A42-AE08-40DA-938C-71A43DC5E766}.Debug|Any CPU.ActiveCfg = Debug|Any CPU
		{CD051A42-AE08-40DA-938C-71A43DC5E766}.Debug|Any CPU.Build.0 = Debug|Any CPU
		{CD051A42-AE08-40DA-938C-71A43DC5E766}.Release|Any CPU.ActiveCfg = Release|Any CPU
		{CD051A42-AE08-40DA-938C-71A43DC5E766}.Release|Any CPU.Build.0 = Release|Any CPU
	EndGlobalSection
	GlobalSection(SolutionProperties) = preSolution
		HideSolutionNode = FALSE
	EndGlobalSection
	GlobalSection(NestedProjects) = preSolution
		{2ADCFC94-E855-4AD1-A873-C125B8DA96E7} = {D5B525A3-8C53-4F4E-BAC5-C4BC63F98EE7}
		{BDED245A-AC49-4207-BFCE-EA60D00FAC7A} = {C61B7D27-4367-4CAF-A7E2-574C7D111881}
		{1C8320F8-DD40-4716-9128-B139EDFFCE5F} = {C61B7D27-4367-4CAF-A7E2-574C7D111881}
		{94AC68FC-134F-4B60-B41C-1443C7E9BB1E} = {B14BF1B3-CEC2-4B53-9D50-42B78FDDC9F6}
		{45A46BF9-F91E-46FC-ACFE-65FACDC60E59} = {B14BF1B3-CEC2-4B53-9D50-42B78FDDC9F6}
		{36DE3A59-1A39-4680-B5A5-83E1F933D0A6} = {C61B7D27-4367-4CAF-A7E2-574C7D111881}
		{DEAF3CCE-3333-4A2E-B735-098184FAE15F} = {C61B7D27-4367-4CAF-A7E2-574C7D111881}
		{E9CC8D2A-EA18-4BCB-A572-334DF1B68B7E} = {C61B7D27-4367-4CAF-A7E2-574C7D111881}
		{2A9DA93C-D0E9-471F-844B-6E1F2982CE7D} = {C61B7D27-4367-4CAF-A7E2-574C7D111881}
		{9F87153E-C99D-4234-BDA9-F0754646B0FB} = {C61B7D27-4367-4CAF-A7E2-574C7D111881}
		{8B9C5B3F-FCE5-4306-97EA-4F64600BABCF} = {C61B7D27-4367-4CAF-A7E2-574C7D111881}
		{D7D3D152-05B9-4B84-862E-158E175B811D} = {C61B7D27-4367-4CAF-A7E2-574C7D111881}
		{98DE3E15-E110-4C56-8AF6-BD6D389EFE19} = {C61B7D27-4367-4CAF-A7E2-574C7D111881}
		{CD051A42-AE08-40DA-938C-71A43DC5E766} = {C61B7D27-4367-4CAF-A7E2-574C7D111881}
	EndGlobalSection
EndGlobal
